
Microsoft Visual Studio Solution File, Format Version 12.00
# Visual Studio Version 17
VisualStudioVersion = 17.4.33122.133
MinimumVisualStudioVersion = 10.0.40219.1
Project("{9A19103F-16F7-4668-BE54-9A1E7A4F7556}") = "StoreProject.Entities", "StoreProject.Entities\StoreProject.Entities.csproj", "{04320178-9123-425E-9B5B-FFC494A457F3}"
EndProject
Project("{9A19103F-16F7-4668-BE54-9A1E7A4F7556}") = "StoreProject.Dal", "StoreProject.Dal\StoreProject.Dal.csproj", "{CAB0622B-872A-486E-9BBB-7034044220EC}"
EndProject
Project("{9A19103F-16F7-4668-BE54-9A1E7A4F7556}") = "StoreProject.Services", "StoreProject.Services\StoreProject.Services.csproj", "{E2D0A226-BDEC-4021-9F29-A3DDA5F2253B}"
EndProject
Project("{9A19103F-16F7-4668-BE54-9A1E7A4F7556}") = "StoreProject.App", "StoreProject.App\StoreProject.App.csproj", "{0199428F-1177-403A-95DF-9C9CD3B8890B}"
EndProject
Global
	GlobalSection(SolutionConfigurationPlatforms) = preSolution
		Debug|Any CPU = Debug|Any CPU
		Release|Any CPU = Release|Any CPU
	EndGlobalSection
	GlobalSection(ProjectConfigurationPlatforms) = postSolution
		{04320178-9123-425E-9B5B-FFC494A457F3}.Debug|Any CPU.ActiveCfg = Debug|Any CPU
		{04320178-9123-425E-9B5B-FFC494A457F3}.Debug|Any CPU.Build.0 = Debug|Any CPU
		{04320178-9123-425E-9B5B-FFC494A457F3}.Release|Any CPU.ActiveCfg = Release|Any CPU
		{04320178-9123-425E-9B5B-FFC494A457F3}.Release|Any CPU.Build.0 = Release|Any CPU
		{CAB0622B-872A-486E-9BBB-7034044220EC}.Debug|Any CPU.ActiveCfg = Debug|Any CPU
		{CAB0622B-872A-486E-9BBB-7034044220EC}.Debug|Any CPU.Build.0 = Debug|Any CPU
		{CAB0622B-872A-486E-9BBB-7034044220EC}.Release|Any CPU.ActiveCfg = Release|Any CPU
		{CAB0622B-872A-486E-9BBB-7034044220EC}.Release|Any CPU.Build.0 = Release|Any CPU
		{E2D0A226-BDEC-4021-9F29-A3DDA5F2253B}.Debug|Any CPU.ActiveCfg = Debug|Any CPU
		{E2D0A226-BDEC-4021-9F29-A3DDA5F2253B}.Debug|Any CPU.Build.0 = Debug|Any CPU
		{E2D0A226-BDEC-4021-9F29-A3DDA5F2253B}.Release|Any CPU.ActiveCfg = Release|Any CPU
		{E2D0A226-BDEC-4021-9F29-A3DDA5F2253B}.Release|Any CPU.Build.0 = Release|Any CPU
		{0199428F-1177-403A-95DF-9C9CD3B8890B}.Debug|Any CPU.ActiveCfg = Debug|Any CPU
		{0199428F-1177-403A-95DF-9C9CD3B8890B}.Debug|Any CPU.Build.0 = Debug|Any CPU
		{0199428F-1177-403A-95DF-9C9CD3B8890B}.Release|Any CPU.ActiveCfg = Release|Any CPU
		{0199428F-1177-403A-95DF-9C9CD3B8890B}.Release|Any CPU.Build.0 = Release|Any CPU
	EndGlobalSection
	GlobalSection(SolutionProperties) = preSolution
		HideSolutionNode = FALSE
	EndGlobalSection
	GlobalSection(ExtensibilityGlobals) = postSolution
		SolutionGuid = {ACC1428E-DB2D-43A7-900F-FC3E29FD20EB}
	EndGlobalSection
EndGlobal
